
Microsoft Visual Studio Solution File, Format Version 12.00
# Visual Studio 15
VisualStudioVersion = 15.0.28307.329
MinimumVisualStudioVersion = 10.0.40219.1
Project("{FAE04EC0-301F-11D3-BF4B-00C04F79EFBC}") = "api", "api\api.csproj", "{5E2F9C6C-AED4-4C90-9249-64C092C2BE15}"
EndProject
Global
	GlobalSection(SolutionConfigurationPlatforms) = preSolution
		Debug|Any CPU = Debug|Any CPU
		Release|Any CPU = Release|Any CPU
	EndGlobalSection
	GlobalSection(ProjectConfigurationPlatforms) = postSolution
		{5E2F9C6C-AED4-4C90-9249-64C092C2BE15}.Debug|Any CPU.ActiveCfg = Debug|Any CPU
		{5E2F9C6C-AED4-4C90-9249-64C092C2BE15}.Debug|Any CPU.Build.0 = Debug|Any CPU
		{5E2F9C6C-AED4-4C90-9249-64C092C2BE15}.Release|Any CPU.ActiveCfg = Release|Any CPU
		{5E2F9C6C-AED4-4C90-9249-64C092C2BE15}.Release|Any CPU.Build.0 = Release|Any CPU
	EndGlobalSection
	GlobalSection(SolutionProperties) = preSolution
		HideSolutionNode = FALSE
	EndGlobalSection
	GlobalSection(ExtensibilityGlobals) = postSolution
		SolutionGuid = {119E2FC0-8F00-41E7-AB2C-69CD27DE0438}
	EndGlobalSection
EndGlobal
